
Microsoft Visual Studio Solution File, Format Version 12.00
# Visual Studio 15
VisualStudioVersion = 15.0.28010.2026
MinimumVisualStudioVersion = 10.0.40219.1
Project("{FAE04EC0-301F-11D3-BF4B-00C04F79EFBC}") = "ConsoleApp4", "ConsoleApp4\ConsoleApp4.csproj", "{D3B33A5C-E800-4159-BBE7-147D581318D2}"
EndProject
Global
	GlobalSection(SolutionConfigurationPlatforms) = preSolution
		Debug|Any CPU = Debug|Any CPU
		Release|Any CPU = Release|Any CPU
	EndGlobalSection
	GlobalSection(ProjectConfigurationPlatforms) = postSolution
		{D3B33A5C-E800-4159-BBE7-147D581318D2}.Debug|Any CPU.ActiveCfg = Debug|Any CPU
		{D3B33A5C-E800-4159-BBE7-147D581318D2}.Debug|Any CPU.Build.0 = Debug|Any CPU
		{D3B33A5C-E800-4159-BBE7-147D581318D2}.Release|Any CPU.ActiveCfg = Release|Any CPU
		{D3B33A5C-E800-4159-BBE7-147D581318D2}.Release|Any CPU.Build.0 = Release|Any CPU
	EndGlobalSection
	GlobalSection(SolutionProperties) = preSolution
		HideSolutionNode = FALSE
	EndGlobalSection
	GlobalSection(ExtensibilityGlobals) = postSolution
		SolutionGuid = {7A212286-8C81-48AE-8C0D-516DEFD7DD69}
	EndGlobalSection
EndGlobal
